
Microsoft Visual Studio Solution File, Format Version 12.00
# Visual Studio Version 17
VisualStudioVersion = 17.4.33122.133
MinimumVisualStudioVersion = 10.0.40219.1
Project("{FAE04EC0-301F-11D3-BF4B-00C04F79EFBC}") = "Singleton", "Singleton\Singleton.csproj", "{8B82E598-1F97-4857-955F-3F7EFC0B5531}"
EndProject
Global
	GlobalSection(SolutionConfigurationPlatforms) = preSolution
		Debug|Any CPU = Debug|Any CPU
		Release|Any CPU = Release|Any CPU
	EndGlobalSection
	GlobalSection(ProjectConfigurationPlatforms) = postSolution
		{8B82E598-1F97-4857-955F-3F7EFC0B5531}.Debug|Any CPU.ActiveCfg = Debug|Any CPU
		{8B82E598-1F97-4857-955F-3F7EFC0B5531}.Debug|Any CPU.Build.0 = Debug|Any CPU
		{8B82E598-1F97-4857-955F-3F7EFC0B5531}.Release|Any CPU.ActiveCfg = Release|Any CPU
		{8B82E598-1F97-4857-955F-3F7EFC0B5531}.Release|Any CPU.Build.0 = Release|Any CPU
	EndGlobalSection
	GlobalSection(SolutionProperties) = preSolution
		HideSolutionNode = FALSE
	EndGlobalSection
	GlobalSection(ExtensibilityGlobals) = postSolution
		SolutionGuid = {423BCD76-3709-496B-8A87-061601F547C9}
	EndGlobalSection
EndGlobal
